
Microsoft Visual Studio Solution File, Format Version 12.00
# Visual Studio Version 16
VisualStudioVersion = 16.0.32228.343
MinimumVisualStudioVersion = 10.0.40219.1
Project("{2150E333-8FDC-42A3-9474-1A3956D46DE8}") = "Chapter02", "Chapter02", "{8B00C031-172B-4A77-A0AD-9907CFA9FC8F}"
EndProject
Project("{FAE04EC0-301F-11D3-BF4B-00C04F79EFBC}") = "DistanceConverter", "Chapter02\DistanceConverter\DistanceConverter.csproj", "{04ADE963-48E9-4353-9D56-92A0F28F8CEA}"
EndProject
Project("{FAE04EC0-301F-11D3-BF4B-00C04F79EFBC}") = "SalesCalculator", "Chapter02\SalesCalculator\SalesCalculator.csproj", "{F6A7F2C8-EA65-44C5-9A70-C87D34AF58C3}"
EndProject
Project("{FAE04EC0-301F-11D3-BF4B-00C04F79EFBC}") = "Exercise", "Chapter02\Exercise\Exercise.csproj", "{46D4B5B8-680C-476B-BFD7-DE2E6E508728}"
EndProject
Project("{FAE04EC0-301F-11D3-BF4B-00C04F79EFBC}") = "Exercise03", "Chapter02\Exercise03\Exercise03.csproj", "{4BFA8FE0-7C63-484B-8EFD-E5C31697D88E}"
EndProject
Project("{FAE04EC0-301F-11D3-BF4B-00C04F79EFBC}") = "Exercise02", "Chapter02\Exercise02\Exercise02.csproj", "{B57C60E6-7446-4414-8A98-E295F7AB8CF1}"
EndProject
Project("{2150E333-8FDC-42A3-9474-1A3956D46DE8}") = "Chapter03", "Chapter03", "{141E0B56-89AF-4439-81D6-57BAE28658C8}"
EndProject
Project("{FAE04EC0-301F-11D3-BF4B-00C04F79EFBC}") = "Section01", "Chapter03\Section01\Section01.csproj", "{62E2BB14-7DB6-439E-BA2F-4E6F32E10FEF}"
EndProject
Project("{FAE04EC0-301F-11D3-BF4B-00C04F79EFBC}") = "Execise01", "Chapter03\Execise01\Execise01.csproj", "{AA47EF00-1159-4E28-BF7A-760F059597D6}"
EndProject
Project("{FAE04EC0-301F-11D3-BF4B-00C04F79EFBC}") = "Section04", "Chapter03\Section04\Section04.csproj", "{E605B89B-D00A-4755-98F0-67D8CB4A4523}"
EndProject
Project("{FAE04EC0-301F-11D3-BF4B-00C04F79EFBC}") = "Execise02", "Chapter03\Execise02\Execise02.csproj", "{0C0EB5C3-DBA9-4CE5-B544-B2147C31656B}"
EndProject
Project("{2150E333-8FDC-42A3-9474-1A3956D46DE8}") = "Chapter04", "Chapter04", "{AA81B83A-155D-4B32-AE7B-62A8B1ED49F1}"
EndProject
Project("{FAE04EC0-301F-11D3-BF4B-00C04F79EFBC}") = "Exercise01", "Chapter04\Exercise01\Exercise01.csproj", "{29240FBF-E09F-42FC-BB29-75600A972D12}"
EndProject
Project("{FAE04EC0-301F-11D3-BF4B-00C04F79EFBC}") = "Exercise02", "Chapter04\Exercise02\Exercise02.csproj", "{6AB67DAF-D832-4771-96A5-77E859E1F33D}"
EndProject
Project("{2150E333-8FDC-42A3-9474-1A3956D46DE8}") = "Chapter05", "Chapter05", "{6843A9C2-44F2-4043-BEF1-4CE287D247F3}"
EndProject
Project("{FAE04EC0-301F-11D3-BF4B-00C04F79EFBC}") = "Exercise01", "Chapter05\Execise01\Exercise01.csproj", "{1D405380-C858-4BCC-BCD5-7DEAE119D342}"
EndProject
Project("{FAE04EC0-301F-11D3-BF4B-00C04F79EFBC}") = "Exercise02", "Chapter05\Exercise02\Exercise02.csproj", "{D63BDA4E-D272-4FD2-8DC4-84FE86ACAF6A}"
EndProject
Project("{FAE04EC0-301F-11D3-BF4B-00C04F79EFBC}") = "Exercise03", "Chapter05\Exercise03\Exercise03.csproj", "{957A07DD-0946-48B9-9C22-E6A23D8C21FB}"
EndProject
Project("{FAE04EC0-301F-11D3-BF4B-00C04F79EFBC}") = "Exercise04", "Chapter05\Exercise04\Exercise04.csproj", "{BBA18532-E050-46A6-9264-3751506A7034}"
EndProject
Project("{2150E333-8FDC-42A3-9474-1A3956D46DE8}") = "Chapter06", "Chapter06", "{17B03108-152B-4CF0-BDEC-DDDF36DB9D65}"
EndProject
Project("{FAE04EC0-301F-11D3-BF4B-00C04F79EFBC}") = "Exercise01", "Chapter06\Execise01\Exercise01.csproj", "{F76AB6C4-A6CD-40F0-A259-D9B89447B4CE}"
EndProject
Project("{FAE04EC0-301F-11D3-BF4B-00C04F79EFBC}") = "Exercise02", "Chapter06\Exesice02\Exercise02.csproj", "{1E5FE755-2A25-4654-92C0-82CE70C0EA36}"
EndProject
Project("{2150E333-8FDC-42A3-9474-1A3956D46DE8}") = "FormAppSample", "FormAppSample", "{330C5A37-03EB-4369-B763-0291F2B7B6FC}"
EndProject
Project("{FAE04EC0-301F-11D3-BF4B-00C04F79EFBC}") = "Sample0603", "FormAppSample\Sample0603\Sample0603.csproj", "{C554EFD9-1F5C-4372-8854-A5BA43700D1A}"
EndProject
Project("{FAE04EC0-301F-11D3-BF4B-00C04F79EFBC}") = "Sample0607", "FormAppSample\Sample0607\Sample0607.csproj", "{56C1A269-97FE-4CA5-BD85-C0B8AB839F88}"
EndProject
Project("{FAE04EC0-301F-11D3-BF4B-00C04F79EFBC}") = "NumberGame", "FormAppSample\NumberGame\NumberGame.csproj", "{EC103C94-BC0D-4597-9093-8DF2729C7AB7}"
EndProject
Project("{FAE04EC0-301F-11D3-BF4B-00C04F79EFBC}") = "AddressBook", "FormAppSample\AddressBook\AddressBook.csproj", "{8F4AC0B2-E985-455B-8727-56B3A4FE2870}"
EndProject
Project("{2150E333-8FDC-42A3-9474-1A3956D46DE8}") = "Test202206", "Test202206", "{0C5E2FC9-AC72-42C8-9927-07F78BA1192A}"
EndProject
Project("{FAE04EC0-301F-11D3-BF4B-00C04F79EFBC}") = "Test01", "Test202206\TestProject\Test01\Test01.csproj", "{2BFACDC3-F44D-4199-8498-F5C3C4AC0335}"
EndProject
Project("{FAE04EC0-301F-11D3-BF4B-00C04F79EFBC}") = "Test02", "Test202206\TestProject\Test02\Test02.csproj", "{E461C0A8-8900-485C-B520-E929BA33F712}"
EndProject
Project("{2150E333-8FDC-42A3-9474-1A3956D46DE8}") = "Chapter11", "Chapter11", "{D359F6DF-CFBB-4926-8D9F-393585BDE34E}"
EndProject
Project("{FAE04EC0-301F-11D3-BF4B-00C04F79EFBC}") = "XmlSample", "Chapter11\XmlSample\XmlSample.csproj", "{01C2B9D3-6E78-4A52-8720-B65582B7836B}"
EndProject
Project("{FAE04EC0-301F-11D3-BF4B-00C04F79EFBC}") = "RssReader", "Chapter11\RssReader\RssReader.csproj", "{6ABD52DC-B99D-4577-9FB2-547F02FBA922}"
EndProject
Project("{FAE04EC0-301F-11D3-BF4B-00C04F79EFBC}") = "Exersice1", "Chapter11\Exersice1\Exersice1.csproj", "{62B97799-B3CA-4608-9DC6-D917D2D2DB3F}"
EndProject
Project("{2150E333-8FDC-42A3-9474-1A3956D46DE8}") = "Chapter12", "Chapter12", "{A78BF393-8F71-49CB-853C-3D8BD4949D19}"
EndProject
Project("{FAE04EC0-301F-11D3-BF4B-00C04F79EFBC}") = "Section01", "Chapter12\Section01\Section01.csproj", "{C1B7850B-BFAD-49DE-B9E9-0B52CA2CF9F7}"
EndProject
Project("{FAE04EC0-301F-11D3-BF4B-00C04F79EFBC}") = "Section02", "Chapter12\Section02\Section02.csproj", "{941B9AC8-4F2C-4CC0-AB5E-6A0F33A52990}"
EndProject
Project("{FAE04EC0-301F-11D3-BF4B-00C04F79EFBC}") = "Exercise01", "Chapter12\Exercise01\Exercise01.csproj", "{F328E352-0BB9-4265-8C25-A4099A8738D0}"
EndProject
Project("{FAE04EC0-301F-11D3-BF4B-00C04F79EFBC}") = "Exercise02", "Chapter12\Exercise02\Exercise02.csproj", "{C8ECDE4D-A151-4E70-B266-D852BF3F06E8}"
EndProject
Global
	GlobalSection(SolutionConfigurationPlatforms) = preSolution
		Debug|Any CPU = Debug|Any CPU
		Release|Any CPU = Release|Any CPU
	EndGlobalSection
	GlobalSection(ProjectConfigurationPlatforms) = postSolution
		{04ADE963-48E9-4353-9D56-92A0F28F8CEA}.Debug|Any CPU.ActiveCfg = Debug|Any CPU
		{04ADE963-48E9-4353-9D56-92A0F28F8CEA}.Debug|Any CPU.Build.0 = Debug|Any CPU
		{04ADE963-48E9-4353-9D56-92A0F28F8CEA}.Release|Any CPU.ActiveCfg = Release|Any CPU
		{04ADE963-48E9-4353-9D56-92A0F28F8CEA}.Release|Any CPU.Build.0 = Release|Any CPU
		{F6A7F2C8-EA65-44C5-9A70-C87D34AF58C3}.Debug|Any CPU.ActiveCfg = Debug|Any CPU
		{F6A7F2C8-EA65-44C5-9A70-C87D34AF58C3}.Debug|Any CPU.Build.0 = Debug|Any CPU
		{F6A7F2C8-EA65-44C5-9A70-C87D34AF58C3}.Release|Any CPU.ActiveCfg = Release|Any CPU
		{F6A7F2C8-EA65-44C5-9A70-C87D34AF58C3}.Release|Any CPU.Build.0 = Release|Any CPU
		{46D4B5B8-680C-476B-BFD7-DE2E6E508728}.Debug|Any CPU.ActiveCfg = Debug|Any CPU
		{46D4B5B8-680C-476B-BFD7-DE2E6E508728}.Debug|Any CPU.Build.0 = Debug|Any CPU
		{46D4B5B8-680C-476B-BFD7-DE2E6E508728}.Release|Any CPU.ActiveCfg = Release|Any CPU
		{46D4B5B8-680C-476B-BFD7-DE2E6E508728}.Release|Any CPU.Build.0 = Release|Any CPU
		{4BFA8FE0-7C63-484B-8EFD-E5C31697D88E}.Debug|Any CPU.ActiveCfg = Debug|Any CPU
		{4BFA8FE0-7C63-484B-8EFD-E5C31697D88E}.Debug|Any CPU.Build.0 = Debug|Any CPU
		{4BFA8FE0-7C63-484B-8EFD-E5C31697D88E}.Release|Any CPU.ActiveCfg = Release|Any CPU
		{4BFA8FE0-7C63-484B-8EFD-E5C31697D88E}.Release|Any CPU.Build.0 = Release|Any CPU
		{B57C60E6-7446-4414-8A98-E295F7AB8CF1}.Debug|Any CPU.ActiveCfg = Debug|Any CPU
		{B57C60E6-7446-4414-8A98-E295F7AB8CF1}.Debug|Any CPU.Build.0 = Debug|Any CPU
		{B57C60E6-7446-4414-8A98-E295F7AB8CF1}.Release|Any CPU.ActiveCfg = Release|Any CPU
		{B57C60E6-7446-4414-8A98-E295F7AB8CF1}.Release|Any CPU.Build.0 = Release|Any CPU
		{62E2BB14-7DB6-439E-BA2F-4E6F32E10FEF}.Debug|Any CPU.ActiveCfg = Debug|Any CPU
		{62E2BB14-7DB6-439E-BA2F-4E6F32E10FEF}.Debug|Any CPU.Build.0 = Debug|Any CPU
		{62E2BB14-7DB6-439E-BA2F-4E6F32E10FEF}.Release|Any CPU.ActiveCfg = Release|Any CPU
		{62E2BB14-7DB6-439E-BA2F-4E6F32E10FEF}.Release|Any CPU.Build.0 = Release|Any CPU
		{AA47EF00-1159-4E28-BF7A-760F059597D6}.Debug|Any CPU.ActiveCfg = Debug|Any CPU
		{AA47EF00-1159-4E28-BF7A-760F059597D6}.Debug|Any CPU.Build.0 = Debug|Any CPU
		{AA47EF00-1159-4E28-BF7A-760F059597D6}.Release|Any CPU.ActiveCfg = Release|Any CPU
		{AA47EF00-1159-4E28-BF7A-760F059597D6}.Release|Any CPU.Build.0 = Release|Any CPU
		{E605B89B-D00A-4755-98F0-67D8CB4A4523}.Debug|Any CPU.ActiveCfg = Debug|Any CPU
		{E605B89B-D00A-4755-98F0-67D8CB4A4523}.Debug|Any CPU.Build.0 = Debug|Any CPU
		{E605B89B-D00A-4755-98F0-67D8CB4A4523}.Release|Any CPU.ActiveCfg = Release|Any CPU
		{E605B89B-D00A-4755-98F0-67D8CB4A4523}.Release|Any CPU.Build.0 = Release|Any CPU
		{0C0EB5C3-DBA9-4CE5-B544-B2147C31656B}.Debug|Any CPU.ActiveCfg = Debug|Any CPU
		{0C0EB5C3-DBA9-4CE5-B544-B2147C31656B}.Debug|Any CPU.Build.0 = Debug|Any CPU
		{0C0EB5C3-DBA9-4CE5-B544-B2147C31656B}.Release|Any CPU.ActiveCfg = Release|Any CPU
		{0C0EB5C3-DBA9-4CE5-B544-B2147C31656B}.Release|Any CPU.Build.0 = Release|Any CPU
		{29240FBF-E09F-42FC-BB29-75600A972D12}.Debug|Any CPU.ActiveCfg = Debug|Any CPU
		{29240FBF-E09F-42FC-BB29-75600A972D12}.Debug|Any CPU.Build.0 = Debug|Any CPU
		{29240FBF-E09F-42FC-BB29-75600A972D12}.Release|Any CPU.ActiveCfg = Release|Any CPU
		{29240FBF-E09F-42FC-BB29-75600A972D12}.Release|Any CPU.Build.0 = Release|Any CPU
		{6AB67DAF-D832-4771-96A5-77E859E1F33D}.Debug|Any CPU.ActiveCfg = Debug|Any CPU
		{6AB67DAF-D832-4771-96A5-77E859E1F33D}.Debug|Any CPU.Build.0 = Debug|Any CPU
		{6AB67DAF-D832-4771-96A5-77E859E1F33D}.Release|Any CPU.ActiveCfg = Release|Any CPU
		{6AB67DAF-D832-4771-96A5-77E859E1F33D}.Release|Any CPU.Build.0 = Release|Any CPU
		{1D405380-C858-4BCC-BCD5-7DEAE119D342}.Debug|Any CPU.ActiveCfg = Debug|Any CPU
		{1D405380-C858-4BCC-BCD5-7DEAE119D342}.Debug|Any CPU.Build.0 = Debug|Any CPU
		{1D405380-C858-4BCC-BCD5-7DEAE119D342}.Release|Any CPU.ActiveCfg = Release|Any CPU
		{1D405380-C858-4BCC-BCD5-7DEAE119D342}.Release|Any CPU.Build.0 = Release|Any CPU
		{D63BDA4E-D272-4FD2-8DC4-84FE86ACAF6A}.Debug|Any CPU.ActiveCfg = Debug|Any CPU
		{D63BDA4E-D272-4FD2-8DC4-84FE86ACAF6A}.Debug|Any CPU.Build.0 = Debug|Any CPU
		{D63BDA4E-D272-4FD2-8DC4-84FE86ACAF6A}.Release|Any CPU.ActiveCfg = Release|Any CPU
		{D63BDA4E-D272-4FD2-8DC4-84FE86ACAF6A}.Release|Any CPU.Build.0 = Release|Any CPU
		{957A07DD-0946-48B9-9C22-E6A23D8C21FB}.Debug|Any CPU.ActiveCfg = Debug|Any CPU
		{957A07DD-0946-48B9-9C22-E6A23D8C21FB}.Debug|Any CPU.Build.0 = Debug|Any CPU
		{957A07DD-0946-48B9-9C22-E6A23D8C21FB}.Release|Any CPU.ActiveCfg = Release|Any CPU
		{957A07DD-0946-48B9-9C22-E6A23D8C21FB}.Release|Any CPU.Build.0 = Release|Any CPU
		{BBA18532-E050-46A6-9264-3751506A7034}.Debug|Any CPU.ActiveCfg = Debug|Any CPU
		{BBA18532-E050-46A6-9264-3751506A7034}.Debug|Any CPU.Build.0 = Debug|Any CPU
		{BBA18532-E050-46A6-9264-3751506A7034}.Release|Any CPU.ActiveCfg = Release|Any CPU
		{BBA18532-E050-46A6-9264-3751506A7034}.Release|Any CPU.Build.0 = Release|Any CPU
		{F76AB6C4-A6CD-40F0-A259-D9B89447B4CE}.Debug|Any CPU.ActiveCfg = Debug|Any CPU
		{F76AB6C4-A6CD-40F0-A259-D9B89447B4CE}.Debug|Any CPU.Build.0 = Debug|Any CPU
		{F76AB6C4-A6CD-40F0-A259-D9B89447B4CE}.Release|Any CPU.ActiveCfg = Release|Any CPU
		{F76AB6C4-A6CD-40F0-A259-D9B89447B4CE}.Release|Any CPU.Build.0 = Release|Any CPU
		{1E5FE755-2A25-4654-92C0-82CE70C0EA36}.Debug|Any CPU.ActiveCfg = Debug|Any CPU
		{1E5FE755-2A25-4654-92C0-82CE70C0EA36}.Debug|Any CPU.Build.0 = Debug|Any CPU
		{1E5FE755-2A25-4654-92C0-82CE70C0EA36}.Release|Any CPU.ActiveCfg = Release|Any CPU
		{1E5FE755-2A25-4654-92C0-82CE70C0EA36}.Release|Any CPU.Build.0 = Release|Any CPU
		{C554EFD9-1F5C-4372-8854-A5BA43700D1A}.Debug|Any CPU.ActiveCfg = Debug|Any CPU
		{C554EFD9-1F5C-4372-8854-A5BA43700D1A}.Debug|Any CPU.Build.0 = Debug|Any CPU
		{C554EFD9-1F5C-4372-8854-A5BA43700D1A}.Release|Any CPU.ActiveCfg = Release|Any CPU
		{C554EFD9-1F5C-4372-8854-A5BA43700D1A}.Release|Any CPU.Build.0 = Release|Any CPU
		{56C1A269-97FE-4CA5-BD85-C0B8AB839F88}.Debug|Any CPU.ActiveCfg = Debug|Any CPU
		{56C1A269-97FE-4CA5-BD85-C0B8AB839F88}.Debug|Any CPU.Build.0 = Debug|Any CPU
		{56C1A269-97FE-4CA5-BD85-C0B8AB839F88}.Release|Any CPU.ActiveCfg = Release|Any CPU
		{56C1A269-97FE-4CA5-BD85-C0B8AB839F88}.Release|Any CPU.Build.0 = Release|Any CPU
		{EC103C94-BC0D-4597-9093-8DF2729C7AB7}.Debug|Any CPU.ActiveCfg = Debug|Any CPU
		{EC103C94-BC0D-4597-9093-8DF2729C7AB7}.Debug|Any CPU.Build.0 = Debug|Any CPU
		{EC103C94-BC0D-4597-9093-8DF2729C7AB7}.Release|Any CPU.ActiveCfg = Release|Any CPU
		{EC103C94-BC0D-4597-9093-8DF2729C7AB7}.Release|Any CPU.Build.0 = Release|Any CPU
		{8F4AC0B2-E985-455B-8727-56B3A4FE2870}.Debug|Any CPU.ActiveCfg = Debug|Any CPU
		{8F4AC0B2-E985-455B-8727-56B3A4FE2870}.Debug|Any CPU.Build.0 = Debug|Any CPU
		{8F4AC0B2-E985-455B-8727-56B3A4FE2870}.Release|Any CPU.ActiveCfg = Release|Any CPU
		{8F4AC0B2-E985-455B-8727-56B3A4FE2870}.Release|Any CPU.Build.0 = Release|Any CPU
		{2BFACDC3-F44D-4199-8498-F5C3C4AC0335}.Debug|Any CPU.ActiveCfg = Debug|Any CPU
		{2BFACDC3-F44D-4199-8498-F5C3C4AC0335}.Debug|Any CPU.Build.0 = Debug|Any CPU
		{2BFACDC3-F44D-4199-8498-F5C3C4AC0335}.Release|Any CPU.ActiveCfg = Release|Any CPU
		{2BFACDC3-F44D-4199-8498-F5C3C4AC0335}.Release|Any CPU.Build.0 = Release|Any CPU
		{E461C0A8-8900-485C-B520-E929BA33F712}.Debug|Any CPU.ActiveCfg = Debug|Any CPU
		{E461C0A8-8900-485C-B520-E929BA33F712}.Debug|Any CPU.Build.0 = Debug|Any CPU
		{E461C0A8-8900-485C-B520-E929BA33F712}.Release|Any CPU.ActiveCfg = Release|Any CPU
		{E461C0A8-8900-485C-B520-E929BA33F712}.Release|Any CPU.Build.0 = Release|Any CPU
		{01C2B9D3-6E78-4A52-8720-B65582B7836B}.Debug|Any CPU.ActiveCfg = Debug|Any CPU
		{01C2B9D3-6E78-4A52-8720-B65582B7836B}.Debug|Any CPU.Build.0 = Debug|Any CPU
		{01C2B9D3-6E78-4A52-8720-B65582B7836B}.Release|Any CPU.ActiveCfg = Release|Any CPU
		{01C2B9D3-6E78-4A52-8720-B65582B7836B}.Release|Any CPU.Build.0 = Release|Any CPU
		{6ABD52DC-B99D-4577-9FB2-547F02FBA922}.Debug|Any CPU.ActiveCfg = Debug|Any CPU
		{6ABD52DC-B99D-4577-9FB2-547F02FBA922}.Debug|Any CPU.Build.0 = Debug|Any CPU
		{6ABD52DC-B99D-4577-9FB2-547F02FBA922}.Release|Any CPU.ActiveCfg = Release|Any CPU
		{6ABD52DC-B99D-4577-9FB2-547F02FBA922}.Release|Any CPU.Build.0 = Release|Any CPU
		{62B97799-B3CA-4608-9DC6-D917D2D2DB3F}.Debug|Any CPU.ActiveCfg = Debug|Any CPU
		{62B97799-B3CA-4608-9DC6-D917D2D2DB3F}.Debug|Any CPU.Build.0 = Debug|Any CPU
		{62B97799-B3CA-4608-9DC6-D917D2D2DB3F}.Release|Any CPU.ActiveCfg = Release|Any CPU
		{62B97799-B3CA-4608-9DC6-D917D2D2DB3F}.Release|Any CPU.Build.0 = Release|Any CPU
		{C1B7850B-BFAD-49DE-B9E9-0B52CA2CF9F7}.Debug|Any CPU.ActiveCfg = Debug|Any CPU
		{C1B7850B-BFAD-49DE-B9E9-0B52CA2CF9F7}.Debug|Any CPU.Build.0 = Debug|Any CPU
		{C1B7850B-BFAD-49DE-B9E9-0B52CA2CF9F7}.Release|Any CPU.ActiveCfg = Release|Any CPU
		{C1B7850B-BFAD-49DE-B9E9-0B52CA2CF9F7}.Release|Any CPU.Build.0 = Release|Any CPU
		{941B9AC8-4F2C-4CC0-AB5E-6A0F33A52990}.Debug|Any CPU.ActiveCfg = Debug|Any CPU
		{941B9AC8-4F2C-4CC0-AB5E-6A0F33A52990}.Debug|Any CPU.Build.0 = Debug|Any CPU
		{941B9AC8-4F2C-4CC0-AB5E-6A0F33A52990}.Release|Any CPU.ActiveCfg = Release|Any CPU
		{941B9AC8-4F2C-4CC0-AB5E-6A0F33A52990}.Release|Any CPU.Build.0 = Release|Any CPU
		{F328E352-0BB9-4265-8C25-A4099A8738D0}.Debug|Any CPU.ActiveCfg = Debug|Any CPU
		{F328E352-0BB9-4265-8C25-A4099A8738D0}.Debug|Any CPU.Build.0 = Debug|Any CPU
		{F328E352-0BB9-4265-8C25-A4099A8738D0}.Release|Any CPU.ActiveCfg = Release|Any CPU
		{F328E352-0BB9-4265-8C25-A4099A8738D0}.Release|Any CPU.Build.0 = Release|Any CPU
		{C8ECDE4D-A151-4E70-B266-D852BF3F06E8}.Debug|Any CPU.ActiveCfg = Debug|Any CPU
		{C8ECDE4D-A151-4E70-B266-D852BF3F06E8}.Debug|Any CPU.Build.0 = Debug|Any CPU
		{C8ECDE4D-A151-4E70-B266-D852BF3F06E8}.Release|Any CPU.ActiveCfg = Release|Any CPU
		{C8ECDE4D-A151-4E70-B266-D852BF3F06E8}.Release|Any CPU.Build.0 = Release|Any CPU
	EndGlobalSection
	GlobalSection(SolutionProperties) = preSolution
		HideSolutionNode = FALSE
	EndGlobalSection
	GlobalSection(NestedProjects) = preSolution
		{04ADE963-48E9-4353-9D56-92A0F28F8CEA} = {8B00C031-172B-4A77-A0AD-9907CFA9FC8F}
		{F6A7F2C8-EA65-44C5-9A70-C87D34AF58C3} = {8B00C031-172B-4A77-A0AD-9907CFA9FC8F}
		{46D4B5B8-680C-476B-BFD7-DE2E6E508728} = {8B00C031-172B-4A77-A0AD-9907CFA9FC8F}
		{4BFA8FE0-7C63-484B-8EFD-E5C31697D88E} = {8B00C031-172B-4A77-A0AD-9907CFA9FC8F}
		{B57C60E6-7446-4414-8A98-E295F7AB8CF1} = {8B00C031-172B-4A77-A0AD-9907CFA9FC8F}
		{62E2BB14-7DB6-439E-BA2F-4E6F32E10FEF} = {141E0B56-89AF-4439-81D6-57BAE28658C8}
		{AA47EF00-1159-4E28-BF7A-760F059597D6} = {141E0B56-89AF-4439-81D6-57BAE28658C8}
		{E605B89B-D00A-4755-98F0-67D8CB4A4523} = {141E0B56-89AF-4439-81D6-57BAE28658C8}
		{0C0EB5C3-DBA9-4CE5-B544-B2147C31656B} = {141E0B56-89AF-4439-81D6-57BAE28658C8}
		{29240FBF-E09F-42FC-BB29-75600A972D12} = {AA81B83A-155D-4B32-AE7B-62A8B1ED49F1}
		{6AB67DAF-D832-4771-96A5-77E859E1F33D} = {AA81B83A-155D-4B32-AE7B-62A8B1ED49F1}
		{1D405380-C858-4BCC-BCD5-7DEAE119D342} = {6843A9C2-44F2-4043-BEF1-4CE287D247F3}
		{D63BDA4E-D272-4FD2-8DC4-84FE86ACAF6A} = {6843A9C2-44F2-4043-BEF1-4CE287D247F3}
		{957A07DD-0946-48B9-9C22-E6A23D8C21FB} = {6843A9C2-44F2-4043-BEF1-4CE287D247F3}
		{BBA18532-E050-46A6-9264-3751506A7034} = {6843A9C2-44F2-4043-BEF1-4CE287D247F3}
		{F76AB6C4-A6CD-40F0-A259-D9B89447B4CE} = {17B03108-152B-4CF0-BDEC-DDDF36DB9D65}
		{1E5FE755-2A25-4654-92C0-82CE70C0EA36} = {17B03108-152B-4CF0-BDEC-DDDF36DB9D65}
		{C554EFD9-1F5C-4372-8854-A5BA43700D1A} = {330C5A37-03EB-4369-B763-0291F2B7B6FC}
		{56C1A269-97FE-4CA5-BD85-C0B8AB839F88} = {330C5A37-03EB-4369-B763-0291F2B7B6FC}
		{EC103C94-BC0D-4597-9093-8DF2729C7AB7} = {330C5A37-03EB-4369-B763-0291F2B7B6FC}
		{8F4AC0B2-E985-455B-8727-56B3A4FE2870} = {330C5A37-03EB-4369-B763-0291F2B7B6FC}
		{2BFACDC3-F44D-4199-8498-F5C3C4AC0335} = {0C5E2FC9-AC72-42C8-9927-07F78BA1192A}
		{E461C0A8-8900-485C-B520-E929BA33F712} = {0C5E2FC9-AC72-42C8-9927-07F78BA1192A}
		{01C2B9D3-6E78-4A52-8720-B65582B7836B} = {D359F6DF-CFBB-4926-8D9F-393585BDE34E}
		{6ABD52DC-B99D-4577-9FB2-547F02FBA922} = {D359F6DF-CFBB-4926-8D9F-393585BDE34E}
		{62B97799-B3CA-4608-9DC6-D917D2D2DB3F} = {D359F6DF-CFBB-4926-8D9F-393585BDE34E}
		{C1B7850B-BFAD-49DE-B9E9-0B52CA2CF9F7} = {A78BF393-8F71-49CB-853C-3D8BD4949D19}
		{941B9AC8-4F2C-4CC0-AB5E-6A0F33A52990} = {A78BF393-8F71-49CB-853C-3D8BD4949D19}
		{F328E352-0BB9-4265-8C25-A4099A8738D0} = {A78BF393-8F71-49CB-853C-3D8BD4949D19}
		{C8ECDE4D-A151-4E70-B266-D852BF3F06E8} = {A78BF393-8F71-49CB-853C-3D8BD4949D19}
	EndGlobalSection
	GlobalSection(ExtensibilityGlobals) = postSolution
		SolutionGuid = {B1EA921C-810E-4716-A75C-C7E515900697}
	EndGlobalSection
EndGlobal
